// !$*UTF8*$!
{
	archiveVersion = 1;
	classes = {
	};
	objectVersion = 77;
	objects = {

/* Begin PBXBuildFile section */
		5E3B565730701B2300DDADDB /* WidgetKit.framework in Frameworks */ = {isa = PBXBuildFile; fileRef = 5E3B565630701B2300DDADDB /* WidgetKit.framework */; };
		5E3B565930701B2300DDADDB /* SwiftUI.framework in Frameworks */ = {isa = PBXBuildFile; fileRef = 5E3B565830701B2300DDADDB /* SwiftUI.framework */; };
		5E3B566430701B2500DDADDB /* HerLiftWidgetExtension.appex in Embed Foundation Extensions */ = {isa = PBXBuildFile; fileRef = 5E3B565430701B2300DDADDB /* HerLiftWidgetExtension.appex */; settings = {ATTRIBUTES = (RemoveHeadersOnCopy, ); }; };
		5E3B5A16307102AE00DDADDB /* UserNotifications.framework in Frameworks */ = {isa = PBXBuildFile; fileRef = 5E3B59D53070FB5600DDADDB /* UserNotifications.framework */; };
		5E3B5A17307102AE00DDADDB /* UserNotificationsUI.framework in Frameworks */ = {isa = PBXBuildFile; fileRef = 5E3B59D73070FB5600DDADDB /* UserNotificationsUI.framework */; };
		5E3B5A21307102AE00DDADDB /* HerLiftReminderContent.appex in Embed Foundation Extensions */ = {isa = PBXBuildFile; fileRef = 5E3B5A15307102AE00DDADDB /* HerLiftReminderContent.appex */; settings = {ATTRIBUTES = (RemoveHeadersOnCopy, ); }; };
/* End PBXBuildFile section */

/* Begin PBXContainerItemProxy section */
		5E3B566230701B2500DDADDB /* PBXContainerItemProxy */ = {
			isa = PBXContainerItemProxy;
			containerPortal = 5E9342F4306DDB6900CC9DC9 /* Project object */;
			proxyType = 1;
			remoteGlobalIDString = 5E3B565330701B2300DDADDB;
			remoteInfo = HerLiftWidgetExtension;
		};
		5E3B5A1F307102AE00DDADDB /* PBXContainerItemProxy */ = {
			isa = PBXContainerItemProxy;
			containerPortal = 5E9342F4306DDB6900CC9DC9 /* Project object */;
			proxyType = 1;
			remoteGlobalIDString = 5E3B5A14307102AE00DDADDB;
			remoteInfo = HerLiftReminderContent;
		};
		5E93430C306DDB6B00CC9DC9 /* PBXContainerItemProxy */ = {
			isa = PBXContainerItemProxy;
			containerPortal = 5E9342F4306DDB6900CC9DC9 /* Project object */;
			proxyType = 1;
			remoteGlobalIDString = 5E9342FB306DDB6900CC9DC9;
			remoteInfo = HerLift;
		};
/* End PBXContainerItemProxy section */

/* Begin PBXCopyFilesBuildPhase section */
		5E3B566930701B2500DDADDB /* Embed Foundation Extensions */ = {
			isa = PBXCopyFilesBuildPhase;
			buildActionMask = 2147483647;
			dstPath = "";
			dstSubfolderSpec = 13;
			files = (
				5E3B566430701B2500DDADDB /* HerLiftWidgetExtension.appex in Embed Foundation Extensions */,
				5E3B5A21307102AE00DDADDB /* HerLiftReminderContent.appex in Embed Foundation Extensions */,
			);
			name = "Embed Foundation Extensions";
			runOnlyForDeploymentPostprocessing = 0;
		};
/* End PBXCopyFilesBuildPhase section */

/* Begin PBXFileReference section */
		5E3B565430701B2300DDADDB /* HerLiftWidgetExtension.appex */ = {isa = PBXFileReference; explicitFileType = "wrapper.app-extension"; includeInIndex = 0; path = HerLiftWidgetExtension.appex; sourceTree = BUILT_PRODUCTS_DIR; };
		5E3B565630701B2300DDADDB /* WidgetKit.framework */ = {isa = PBXFileReference; lastKnownFileType = wrapper.framework; name = WidgetKit.framework; path = System/Library/Frameworks/WidgetKit.framework; sourceTree = SDKROOT; };
		5E3B565830701B2300DDADDB /* SwiftUI.framework */ = {isa = PBXFileReference; lastKnownFileType = wrapper.framework; name = SwiftUI.framework; path = System/Library/Frameworks/SwiftUI.framework; sourceTree = SDKROOT; };
		5E3B566B30701C2500DDADDB /* HerLiftWidgetExtension.entitlements */ = {isa = PBXFileReference; lastKnownFileType = text.plist.entitlements; path = HerLiftWidgetExtension.entitlements; sourceTree = "<group>"; };
		5E3B59D53070FB5600DDADDB /* UserNotifications.framework */ = {isa = PBXFileReference; lastKnownFileType = wrapper.framework; name = UserNotifications.framework; path = System/Library/Frameworks/UserNotifications.framework; sourceTree = SDKROOT; };
		5E3B59D73070FB5600DDADDB /* UserNotificationsUI.framework */ = {isa = PBXFileReference; lastKnownFileType = wrapper.framework; name = UserNotificationsUI.framework; path = System/Library/Frameworks/UserNotificationsUI.framework; sourceTree = SDKROOT; };
		5E3B5A15307102AE00DDADDB /* HerLiftReminderContent.appex */ = {isa = PBXFileReference; explicitFileType = "wrapper.app-extension"; includeInIndex = 0; path = HerLiftReminderContent.appex; sourceTree = BUILT_PRODUCTS_DIR; };
		5E9342FC306DDB6A00CC9DC9 /* HerLift.app */ = {isa = PBXFileReference; explicitFileType = wrapper.application; includeInIndex = 0; path = HerLift.app; sourceTree = BUILT_PRODUCTS_DIR; };
		5E93430B306DDB6B00CC9DC9 /* HerLiftTests.xctest */ = {isa = PBXFileReference; explicitFileType = wrapper.cfbundle; includeInIndex = 0; path = HerLiftTests.xctest; sourceTree = BUILT_PRODUCTS_DIR; };
/* End PBXFileReference section */

/* Begin PBXFileSystemSynchronizedBuildFileExceptionSet section */
		5E3B566530701B2500DDADDB /* Exceptions for "HerLiftWidget" folder in "HerLiftWidgetExtension" target */ = {
			isa = PBXFileSystemSynchronizedBuildFileExceptionSet;
			membershipExceptions = (
				Info.plist,
			);
			target = 5E3B565330701B2300DDADDB /* HerLiftWidgetExtension */;
		};
		5E3B56D130709E6800DDADDB /* Exceptions for "HerLift" folder in "HerLiftWidgetExtension" target */ = {
			isa = PBXFileSystemSynchronizedBuildFileExceptionSet;
			membershipExceptions = (
				"Resources/Thumbnails/biceps-curl.jpg",
				"Resources/Thumbnails/cable-kneeling-crunch.jpg",
				"Resources/Thumbnails/chest-supported-row.jpg",
				"Resources/Thumbnails/dumbbell-lateral-raise.jpg",
				"Resources/Thumbnails/glute-bridge.jpg",
				"Resources/Thumbnails/glute-kickback.jpg",
				"Resources/Thumbnails/goblet-squat.jpg",
				"Resources/Thumbnails/hip-abduction.jpg",
				"Resources/Thumbnails/lat-pulldown.jpg",
				"Resources/Thumbnails/leg-extension.jpg",
				"Resources/Thumbnails/leg-press.jpg",
				"Resources/Thumbnails/machine-chest-press.jpg",
				"Resources/Thumbnails/reverse-crunch.jpg",
				"Resources/Thumbnails/romanian-deadlift.jpg",
				"Resources/Thumbnails/rope-rear-delt-row.jpg",
				"Resources/Thumbnails/seated-cable-row.jpg",
				"Resources/Thumbnails/seated-dumbbell-shoulder-press.jpg",
				"Resources/Thumbnails/seated-leg-curl.jpg",
				"Resources/Thumbnails/standing-calf-raise.jpg",
				"Resources/Thumbnails/triceps-pushdown.jpg",
				Shared/CoachFiles.swift,
				Shared/CoachSnapshot.swift,
				Shared/WorkoutLink.swift,
			);
			target = 5E3B565330701B2300DDADDB /* HerLiftWidgetExtension */;
		};
		5E3B5A22307102AE00DDADDB /* Exceptions for "HerLiftReminderContent" folder in "HerLiftReminderContent" target */ = {
			isa = PBXFileSystemSynchronizedBuildFileExceptionSet;
			membershipExceptions = (
				Info.plist,
			);
			target = 5E3B5A14307102AE00DDADDB /* HerLiftReminderContent */;
		};
		5E3B5A2A307102D400DDADDB /* Exceptions for "HerLift" folder in "HerLiftReminderContent" target */ = {
			isa = PBXFileSystemSynchronizedBuildFileExceptionSet;
			membershipExceptions = (
				"Resources/Thumbnails/biceps-curl.jpg",
				"Resources/Thumbnails/cable-kneeling-crunch.jpg",
				"Resources/Thumbnails/chest-supported-row.jpg",
				"Resources/Thumbnails/dumbbell-lateral-raise.jpg",
				"Resources/Thumbnails/glute-bridge.jpg",
				"Resources/Thumbnails/glute-kickback.jpg",
				"Resources/Thumbnails/goblet-squat.jpg",
				"Resources/Thumbnails/hip-abduction.jpg",
				"Resources/Thumbnails/lat-pulldown.jpg",
				"Resources/Thumbnails/leg-extension.jpg",
				"Resources/Thumbnails/leg-press.jpg",
				"Resources/Thumbnails/machine-chest-press.jpg",
				"Resources/Thumbnails/reverse-crunch.jpg",
				"Resources/Thumbnails/romanian-deadlift.jpg",
				"Resources/Thumbnails/rope-rear-delt-row.jpg",
				"Resources/Thumbnails/seated-cable-row.jpg",
				"Resources/Thumbnails/seated-dumbbell-shoulder-press.jpg",
				"Resources/Thumbnails/seated-leg-curl.jpg",
				"Resources/Thumbnails/standing-calf-raise.jpg",
				"Resources/Thumbnails/triceps-pushdown.jpg",
				Shared/CoachFiles.swift,
				Shared/CoachSnapshot.swift,
				Shared/ReminderContent.swift,
				Shared/WorkoutLink.swift,
			);
			target = 5E3B5A14307102AE00DDADDB /* HerLiftReminderContent */;
		};
/* End PBXFileSystemSynchronizedBuildFileExceptionSet section */

/* Begin PBXFileSystemSynchronizedRootGroup section */
		5E3B565A30701B2300DDADDB /* HerLiftWidget */ = {
			isa = PBXFileSystemSynchronizedRootGroup;
			exceptions = (
				5E3B566530701B2500DDADDB /* Exceptions for "HerLiftWidget" folder in "HerLiftWidgetExtension" target */,
			);
			path = HerLiftWidget;
			sourceTree = "<group>";
		};
		5E3B5A18307102AE00DDADDB /* HerLiftReminderContent */ = {
			isa = PBXFileSystemSynchronizedRootGroup;
			exceptions = (
				5E3B5A22307102AE00DDADDB /* Exceptions for "HerLiftReminderContent" folder in "HerLiftReminderContent" target */,
			);
			path = HerLiftReminderContent;
			sourceTree = "<group>";
		};
		5E9342FE306DDB6A00CC9DC9 /* HerLift */ = {
			isa = PBXFileSystemSynchronizedRootGroup;
			exceptions = (
				5E3B56D130709E6800DDADDB /* Exceptions for "HerLift" folder in "HerLiftWidgetExtension" target */,
				5E3B5A2A307102D400DDADDB /* Exceptions for "HerLift" folder in "HerLiftReminderContent" target */,
			);
			path = HerLift;
			sourceTree = "<group>";
		};
		5E93430E306DDB6B00CC9DC9 /* HerLiftTests */ = {
			isa = PBXFileSystemSynchronizedRootGroup;
			path = HerLiftTests;
			sourceTree = "<group>";
		};
/* End PBXFileSystemSynchronizedRootGroup section */

/* Begin PBXFrameworksBuildPhase section */
		5E3B565130701B2300DDADDB /* Frameworks */ = {
			isa = PBXFrameworksBuildPhase;
			buildActionMask = 2147483647;
			files = (
				5E3B565930701B2300DDADDB /* SwiftUI.framework in Frameworks */,
				5E3B565730701B2300DDADDB /* WidgetKit.framework in Frameworks */,
			);
			runOnlyForDeploymentPostprocessing = 0;
		};
		5E3B5A12307102AE00DDADDB /* Frameworks */ = {
			isa = PBXFrameworksBuildPhase;
			buildActionMask = 2147483647;
			files = (
				5E3B5A17307102AE00DDADDB /* UserNotificationsUI.framework in Frameworks */,
				5E3B5A16307102AE00DDADDB /* UserNotifications.framework in Frameworks */,
			);
			runOnlyForDeploymentPostprocessing = 0;
		};
		5E9342F9306DDB6900CC9DC9 /* Frameworks */ = {
			isa = PBXFrameworksBuildPhase;
			buildActionMask = 2147483647;
			files = (
			);
			runOnlyForDeploymentPostprocessing = 0;
		};
		5E934308306DDB6B00CC9DC9 /* Frameworks */ = {
			isa = PBXFrameworksBuildPhase;
			buildActionMask = 2147483647;
			files = (
			);
			runOnlyForDeploymentPostprocessing = 0;
		};
/* End PBXFrameworksBuildPhase section */

/* Begin PBXGroup section */
		5E3B565530701B2300DDADDB /* Frameworks */ = {
			isa = PBXGroup;
			children = (
				5E3B565630701B2300DDADDB /* WidgetKit.framework */,
				5E3B565830701B2300DDADDB /* SwiftUI.framework */,
				5E3B59D53070FB5600DDADDB /* UserNotifications.framework */,
				5E3B59D73070FB5600DDADDB /* UserNotificationsUI.framework */,
			);
			name = Frameworks;
			sourceTree = "<group>";
		};
		5E9342F3306DDB6900CC9DC9 = {
			isa = PBXGroup;
			children = (
				5E3B566B30701C2500DDADDB /* HerLiftWidgetExtension.entitlements */,
				5E9342FE306DDB6A00CC9DC9 /* HerLift */,
				5E93430E306DDB6B00CC9DC9 /* HerLiftTests */,
				5E3B565A30701B2300DDADDB /* HerLiftWidget */,
				5E3B5A18307102AE00DDADDB /* HerLiftReminderContent */,
				5E3B565530701B2300DDADDB /* Frameworks */,
				5E9342FD306DDB6A00CC9DC9 /* Products */,
			);
			sourceTree = "<group>";
		};
		5E9342FD306DDB6A00CC9DC9 /* Products */ = {
			isa = PBXGroup;
			children = (
				5E9342FC306DDB6A00CC9DC9 /* HerLift.app */,
				5E93430B306DDB6B00CC9DC9 /* HerLiftTests.xctest */,
				5E3B565430701B2300DDADDB /* HerLiftWidgetExtension.appex */,
				5E3B5A15307102AE00DDADDB /* HerLiftReminderContent.appex */,
			);
			name = Products;
			sourceTree = "<group>";
		};
/* End PBXGroup section */

/* Begin PBXNativeTarget section */
		5E3B565330701B2300DDADDB /* HerLiftWidgetExtension */ = {
			isa = PBXNativeTarget;
			buildConfigurationList = 5E3B566630701B2500DDADDB /* Build configuration list for PBXNativeTarget "HerLiftWidgetExtension" */;
			buildPhases = (
				5E3B565030701B2300DDADDB /* Sources */,
				5E3B565130701B2300DDADDB /* Frameworks */,
				5E3B565230701B2300DDADDB /* Resources */,
			);
			buildRules = (
			);
			dependencies = (
			);
			fileSystemSynchronizedGroups = (
				5E3B565A30701B2300DDADDB /* HerLiftWidget */,
			);
			name = HerLiftWidgetExtension;
			packageProductDependencies = (
			);
			productName = HerLiftWidgetExtension;
			productReference = 5E3B565430701B2300DDADDB /* HerLiftWidgetExtension.appex */;
			productType = "com.apple.product-type.app-extension";
		};
		5E3B5A14307102AE00DDADDB /* HerLiftReminderContent */ = {
			isa = PBXNativeTarget;
			buildConfigurationList = 5E3B5A23307102AE00DDADDB /* Build configuration list for PBXNativeTarget "HerLiftReminderContent" */;
			buildPhases = (
				5E3B5A11307102AE00DDADDB /* Sources */,
				5E3B5A12307102AE00DDADDB /* Frameworks */,
				5E3B5A13307102AE00DDADDB /* Resources */,
			);
			buildRules = (
			);
			dependencies = (
			);
			fileSystemSynchronizedGroups = (
				5E3B5A18307102AE00DDADDB /* HerLiftReminderContent */,
			);
			name = HerLiftReminderContent;
			packageProductDependencies = (
			);
			productName = HerLiftReminderContent;
			productReference = 5E3B5A15307102AE00DDADDB /* HerLiftReminderContent.appex */;
			productType = "com.apple.product-type.app-extension";
		};
		5E9342FB306DDB6900CC9DC9 /* HerLift */ = {
			isa = PBXNativeTarget;
			buildConfigurationList = 5E93431F306DDB6B00CC9DC9 /* Build configuration list for PBXNativeTarget "HerLift" */;
			buildPhases = (
				5E9342F8306DDB6900CC9DC9 /* Sources */,
				5E9342F9306DDB6900CC9DC9 /* Frameworks */,
				5E9342FA306DDB6900CC9DC9 /* Resources */,
				5E3B566930701B2500DDADDB /* Embed Foundation Extensions */,
			);
			buildRules = (
			);
			dependencies = (
				5E3B566330701B2500DDADDB /* PBXTargetDependency */,
				5E3B5A20307102AE00DDADDB /* PBXTargetDependency */,
			);
			fileSystemSynchronizedGroups = (
				5E9342FE306DDB6A00CC9DC9 /* HerLift */,
			);
			name = HerLift;
			packageProductDependencies = (
			);
			productName = HerLift;
			productReference = 5E9342FC306DDB6A00CC9DC9 /* HerLift.app */;
			productType = "com.apple.product-type.application";
		};
		5E93430A306DDB6B00CC9DC9 /* HerLiftTests */ = {
			isa = PBXNativeTarget;
			buildConfigurationList = 5E934322306DDB6B00CC9DC9 /* Build configuration list for PBXNativeTarget "HerLiftTests" */;
			buildPhases = (
				5E934307306DDB6B00CC9DC9 /* Sources */,
				5E934308306DDB6B00CC9DC9 /* Frameworks */,
				5E934309306DDB6B00CC9DC9 /* Resources */,
			);
			buildRules = (
			);
			dependencies = (
				5E93430D306DDB6B00CC9DC9 /* PBXTargetDependency */,
			);
			fileSystemSynchronizedGroups = (
				5E93430E306DDB6B00CC9DC9 /* HerLiftTests */,
			);
			name = HerLiftTests;
			packageProductDependencies = (
			);
			productName = HerLiftTests;
			productReference = 5E93430B306DDB6B00CC9DC9 /* HerLiftTests.xctest */;
			productType = "com.apple.product-type.bundle.unit-test";
		};
/* End PBXNativeTarget section */

/* Begin PBXProject section */
		5E9342F4306DDB6900CC9DC9 /* Project object */ = {
			isa = PBXProject;
			attributes = {
				BuildIndependentTargetsInParallel = 1;
				LastSwiftUpdateCheck = 2650;
				LastUpgradeCheck = 2650;
				TargetAttributes = {
					5E3B565330701B2300DDADDB = {
						CreatedOnToolsVersion = 26.5;
					};
					5E3B5A14307102AE00DDADDB = {
						CreatedOnToolsVersion = 26.5;
					};
					5E9342FB306DDB6900CC9DC9 = {
						CreatedOnToolsVersion = 26.5;
					};
					5E93430A306DDB6B00CC9DC9 = {
						CreatedOnToolsVersion = 26.5;
						TestTargetID = 5E9342FB306DDB6900CC9DC9;
					};
				};
			};
			buildConfigurationList = 5E9342F7306DDB6900CC9DC9 /* Build configuration list for PBXProject "HerLift" */;
			developmentRegion = en;
			hasScannedForEncodings = 0;
			knownRegions = (
				en,
				Base,
			);
			mainGroup = 5E9342F3306DDB6900CC9DC9;
			minimizedProjectReferenceProxies = 1;
			preferredProjectObjectVersion = 77;
			productRefGroup = 5E9342FD306DDB6A00CC9DC9 /* Products */;
			projectDirPath = "";
			projectRoot = "";
			targets = (
				5E9342FB306DDB6900CC9DC9 /* HerLift */,
				5E93430A306DDB6B00CC9DC9 /* HerLiftTests */,
				5E3B565330701B2300DDADDB /* HerLiftWidgetExtension */,
				5E3B5A14307102AE00DDADDB /* HerLiftReminderContent */,
			);
		};
/* End PBXProject section */

/* Begin PBXResourcesBuildPhase section */
		5E3B565230701B2300DDADDB /* Resources */ = {
			isa = PBXResourcesBuildPhase;
			buildActionMask = 2147483647;
			files = (
			);
			runOnlyForDeploymentPostprocessing = 0;
		};
		5E3B5A13307102AE00DDADDB /* Resources */ = {
			isa = PBXResourcesBuildPhase;
			buildActionMask = 2147483647;
			files = (
			);
			runOnlyForDeploymentPostprocessing = 0;
		};
		5E9342FA306DDB6900CC9DC9 /* Resources */ = {
			isa = PBXResourcesBuildPhase;
			buildActionMask = 2147483647;
			files = (
			);
			runOnlyForDeploymentPostprocessing = 0;
		};
		5E934309306DDB6B00CC9DC9 /* Resources */ = {
			isa = PBXResourcesBuildPhase;
			buildActionMask = 2147483647;
			files = (
			);
			runOnlyForDeploymentPostprocessing = 0;
		};
/* End PBXResourcesBuildPhase section */

/* Begin PBXSourcesBuildPhase section */
		5E3B565030701B2300DDADDB /* Sources */ = {
			isa = PBXSourcesBuildPhase;
			buildActionMask = 2147483647;
			files = (
			);
			runOnlyForDeploymentPostprocessing = 0;
		};
		5E3B5A11307102AE00DDADDB /* Sources */ = {
			isa = PBXSourcesBuildPhase;
			buildActionMask = 2147483647;
			files = (
			);
			runOnlyForDeploymentPostprocessing = 0;
		};
		5E9342F8306DDB6900CC9DC9 /* Sources */ = {
			isa = PBXSourcesBuildPhase;
			buildActionMask = 2147483647;
			files = (
			);
			runOnlyForDeploymentPostprocessing = 0;
		};
		5E934307306DDB6B00CC9DC9 /* Sources */ = {
			isa = PBXSourcesBuildPhase;
			buildActionMask = 2147483647;
			files = (
			);
			runOnlyForDeploymentPostprocessing = 0;
		};
/* End PBXSourcesBuildPhase section */

/* Begin PBXTargetDependency section */
		5E3B566330701B2500DDADDB /* PBXTargetDependency */ = {
			isa = PBXTargetDependency;
			target = 5E3B565330701B2300DDADDB /* HerLiftWidgetExtension */;
			targetProxy = 5E3B566230701B2500DDADDB /* PBXContainerItemProxy */;
		};
		5E3B5A20307102AE00DDADDB /* PBXTargetDependency */ = {
			isa = PBXTargetDependency;
			target = 5E3B5A14307102AE00DDADDB /* HerLiftReminderContent */;
			targetProxy = 5E3B5A1F307102AE00DDADDB /* PBXContainerItemProxy */;
		};
		5E93430D306DDB6B00CC9DC9 /* PBXTargetDependency */ = {
			isa = PBXTargetDependency;
			target = 5E9342FB306DDB6900CC9DC9 /* HerLift */;
			targetProxy = 5E93430C306DDB6B00CC9DC9 /* PBXContainerItemProxy */;
		};
/* End PBXTargetDependency section */

/* Begin XCBuildConfiguration section */
		5E3B566730701B2500DDADDB /* Debug */ = {
			isa = XCBuildConfiguration;
			buildSettings = {
				ASSETCATALOG_COMPILER_GLOBAL_ACCENT_COLOR_NAME = AccentColor;
				ASSETCATALOG_COMPILER_WIDGET_BACKGROUND_COLOR_NAME = WidgetBackground;
				CODE_SIGN_ENTITLEMENTS = HerLiftWidgetExtension.entitlements;
				CODE_SIGN_STYLE = Automatic;
				CURRENT_PROJECT_VERSION = 1;
				DEVELOPMENT_TEAM = DTG5F6L6XZ;
				GENERATE_INFOPLIST_FILE = YES;
				INFOPLIST_FILE = HerLiftWidget/Info.plist;
				INFOPLIST_KEY_CFBundleDisplayName = HerLiftWidget;
				INFOPLIST_KEY_NSHumanReadableCopyright = "";
				LD_RUNPATH_SEARCH_PATHS = (
					"$(inherited)",
					"@executable_path/Frameworks",
					"@executable_path/../../Frameworks",
				);
				MARKETING_VERSION = 1.0;
				PRODUCT_BUNDLE_IDENTIFIER = com.van.assignment3.HerLift.HerLiftWidget;
				PRODUCT_NAME = "$(TARGET_NAME)";
				SKIP_INSTALL = YES;
				STRING_CATALOG_GENERATE_SYMBOLS = YES;
				SWIFT_APPROACHABLE_CONCURRENCY = YES;
				SWIFT_EMIT_LOC_STRINGS = YES;
				SWIFT_UPCOMING_FEATURE_MEMBER_IMPORT_VISIBILITY = YES;
				SWIFT_VERSION = 5.0;
				TARGETED_DEVICE_FAMILY = "1,2";
			};
			name = Debug;
		};
		5E3B566830701B2500DDADDB /* Release */ = {
			isa = XCBuildConfiguration;
			buildSettings = {
				ASSETCATALOG_COMPILER_GLOBAL_ACCENT_COLOR_NAME = AccentColor;
				ASSETCATALOG_COMPILER_WIDGET_BACKGROUND_COLOR_NAME = WidgetBackground;
				CODE_SIGN_ENTITLEMENTS = HerLiftWidgetExtension.entitlements;
				CODE_SIGN_STYLE = Automatic;
				CURRENT_PROJECT_VERSION = 1;
				DEVELOPMENT_TEAM = DTG5F6L6XZ;
				GENERATE_INFOPLIST_FILE = YES;
				INFOPLIST_FILE = HerLiftWidget/Info.plist;
				INFOPLIST_KEY_CFBundleDisplayName = HerLiftWidget;
				INFOPLIST_KEY_NSHumanReadableCopyright = "";
				LD_RUNPATH_SEARCH_PATHS = (
					"$(inherited)",
					"@executable_path/Frameworks",
					"@executable_path/../../Frameworks",
				);
				MARKETING_VERSION = 1.0;
				PRODUCT_BUNDLE_IDENTIFIER = com.van.assignment3.HerLift.HerLiftWidget;
				PRODUCT_NAME = "$(TARGET_NAME)";
				SKIP_INSTALL = YES;
				STRING_CATALOG_GENERATE_SYMBOLS = YES;
				SWIFT_APPROACHABLE_CONCURRENCY = YES;
				SWIFT_EMIT_LOC_STRINGS = YES;
				SWIFT_UPCOMING_FEATURE_MEMBER_IMPORT_VISIBILITY = YES;
				SWIFT_VERSION = 5.0;
				TARGETED_DEVICE_FAMILY = "1,2";
			};
			name = Release;
		};
		5E3B5A24307102AE00DDADDB /* Debug */ = {
			isa = XCBuildConfiguration;
			buildSettings = {
				CODE_SIGN_ENTITLEMENTS = HerLiftReminderContent/HerLiftReminderContent.entitlements;
				CODE_SIGN_STYLE = Automatic;
				CURRENT_PROJECT_VERSION = 1;
				DEVELOPMENT_TEAM = DTG5F6L6XZ;
				GENERATE_INFOPLIST_FILE = YES;
				INFOPLIST_FILE = HerLiftReminderContent/Info.plist;
				INFOPLIST_KEY_CFBundleDisplayName = HerLiftReminderContent;
				INFOPLIST_KEY_NSHumanReadableCopyright = "";
				LD_RUNPATH_SEARCH_PATHS = (
					"$(inherited)",
					"@executable_path/Frameworks",
					"@executable_path/../../Frameworks",
				);
				MARKETING_VERSION = 1.0;
				PRODUCT_BUNDLE_IDENTIFIER = com.van.assignment3.HerLift.HerLiftReminderContent;
				PRODUCT_NAME = "$(TARGET_NAME)";
				SKIP_INSTALL = YES;
				STRING_CATALOG_GENERATE_SYMBOLS = YES;
				SWIFT_APPROACHABLE_CONCURRENCY = YES;
				SWIFT_EMIT_LOC_STRINGS = YES;
				SWIFT_UPCOMING_FEATURE_MEMBER_IMPORT_VISIBILITY = YES;
				SWIFT_VERSION = 5.0;
				TARGETED_DEVICE_FAMILY = "1,2";
			};
			name = Debug;
		};
		5E3B5A25307102AE00DDADDB /* Release */ = {
			isa = XCBuildConfiguration;
			buildSettings = {
				CODE_SIGN_ENTITLEMENTS = HerLiftReminderContent/HerLiftReminderContent.entitlements;
				CODE_SIGN_STYLE = Automatic;
				CURRENT_PROJECT_VERSION = 1;
				DEVELOPMENT_TEAM = DTG5F6L6XZ;
				GENERATE_INFOPLIST_FILE = YES;
				INFOPLIST_FILE = HerLiftReminderContent/Info.plist;
				INFOPLIST_KEY_CFBundleDisplayName = HerLiftReminderContent;
				INFOPLIST_KEY_NSHumanReadableCopyright = "";
				LD_RUNPATH_SEARCH_PATHS = (
					"$(inherited)",
					"@executable_path/Frameworks",
					"@executable_path/../../Frameworks",
				);
				MARKETING_VERSION = 1.0;
				PRODUCT_BUNDLE_IDENTIFIER = com.van.assignment3.HerLift.HerLiftReminderContent;
				PRODUCT_NAME = "$(TARGET_NAME)";
				SKIP_INSTALL = YES;
				STRING_CATALOG_GENERATE_SYMBOLS = YES;
				SWIFT_APPROACHABLE_CONCURRENCY = YES;
				SWIFT_EMIT_LOC_STRINGS = YES;
				SWIFT_UPCOMING_FEATURE_MEMBER_IMPORT_VISIBILITY = YES;
				SWIFT_VERSION = 5.0;
				TARGETED_DEVICE_FAMILY = "1,2";
			};
			name = Release;
		};
		5E93431D306DDB6B00CC9DC9 /* Debug */ = {
			isa = XCBuildConfiguration;
			buildSettings = {
				ALWAYS_SEARCH_USER_PATHS = NO;
				ASSETCATALOG_COMPILER_GENERATE_SWIFT_ASSET_SYMBOL_EXTENSIONS = YES;
				CLANG_ANALYZER_NONNULL = YES;
				CLANG_ANALYZER_NUMBER_OBJECT_CONVERSION = YES_AGGRESSIVE;
				CLANG_CXX_LANGUAGE_STANDARD = "gnu++20";
				CLANG_ENABLE_MODULES = YES;
				CLANG_ENABLE_OBJC_ARC = YES;
				CLANG_ENABLE_OBJC_WEAK = YES;
				CLANG_WARN_BLOCK_CAPTURE_AUTORELEASING = YES;
				CLANG_WARN_BOOL_CONVERSION = YES;
				CLANG_WARN_COMMA = YES;
				CLANG_WARN_CONSTANT_CONVERSION = YES;
				CLANG_WARN_DEPRECATED_OBJC_IMPLEMENTATIONS = YES;
				CLANG_WARN_DIRECT_OBJC_ISA_USAGE = YES_ERROR;
				CLANG_WARN_DOCUMENTATION_COMMENTS = YES;
				CLANG_WARN_EMPTY_BODY = YES;
				CLANG_WARN_ENUM_CONVERSION = YES;
				CLANG_WARN_INFINITE_RECURSION = YES;
				CLANG_WARN_INT_CONVERSION = YES;
				CLANG_WARN_NON_LITERAL_NULL_CONVERSION = YES;
				CLANG_WARN_OBJC_IMPLICIT_RETAIN_SELF = YES;
				CLANG_WARN_OBJC_LITERAL_CONVERSION = YES;
				CLANG_WARN_OBJC_ROOT_CLASS = YES_ERROR;
				CLANG_WARN_QUOTED_INCLUDE_IN_FRAMEWORK_HEADER = YES;
				CLANG_WARN_RANGE_LOOP_ANALYSIS = YES;
				CLANG_WARN_STRICT_PROTOTYPES = YES;
				CLANG_WARN_SUSPICIOUS_MOVE = YES;
				CLANG_WARN_UNGUARDED_AVAILABILITY = YES_AGGRESSIVE;
				CLANG_WARN_UNREACHABLE_CODE = YES;
				CLANG_WARN__DUPLICATE_METHOD_MATCH = YES;
				COPY_PHASE_STRIP = NO;
				DEBUG_INFORMATION_FORMAT = dwarf;
				ENABLE_STRICT_OBJC_MSGSEND = YES;
				ENABLE_TESTABILITY = YES;
				ENABLE_USER_SCRIPT_SANDBOXING = YES;
				GCC_C_LANGUAGE_STANDARD = gnu17;
				GCC_DYNAMIC_NO_PIC = NO;
				GCC_NO_COMMON_BLOCKS = YES;
				GCC_OPTIMIZATION_LEVEL = 0;
				GCC_PREPROCESSOR_DEFINITIONS = (
					"DEBUG=1",
					"$(inherited)",
				);
				GCC_WARN_64_TO_32_BIT_CONVERSION = YES;
				GCC_WARN_ABOUT_RETURN_TYPE = YES_ERROR;
				GCC_WARN_UNDECLARED_SELECTOR = YES;
				GCC_WARN_UNINITIALIZED_AUTOS = YES_AGGRESSIVE;
				GCC_WARN_UNUSED_FUNCTION = YES;
				GCC_WARN_UNUSED_VARIABLE = YES;
				IPHONEOS_DEPLOYMENT_TARGET = 26.5;
				LOCALIZATION_PREFERS_STRING_CATALOGS = YES;
				MTL_ENABLE_DEBUG_INFO = INCLUDE_SOURCE;
				MTL_FAST_MATH = YES;
				ONLY_ACTIVE_ARCH = YES;
				SDKROOT = iphoneos;
				SWIFT_ACTIVE_COMPILATION_CONDITIONS = "DEBUG $(inherited)";
				SWIFT_OPTIMIZATION_LEVEL = "-Onone";
			};
			name = Debug;
		};
		5E93431E306DDB6B00CC9DC9 /* Release */ = {
			isa = XCBuildConfiguration;
			buildSettings = {
				ALWAYS_SEARCH_USER_PATHS = NO;
				ASSETCATALOG_COMPILER_GENERATE_SWIFT_ASSET_SYMBOL_EXTENSIONS = YES;
				CLANG_ANALYZER_NONNULL = YES;
				CLANG_ANALYZER_NUMBER_OBJECT_CONVERSION = YES_AGGRESSIVE;
				CLANG_CXX_LANGUAGE_STANDARD = "gnu++20";
				CLANG_ENABLE_MODULES = YES;
				CLANG_ENABLE_OBJC_ARC = YES;
				CLANG_ENABLE_OBJC_WEAK = YES;
				CLANG_WARN_BLOCK_CAPTURE_AUTORELEASING = YES;
				CLANG_WARN_BOOL_CONVERSION = YES;
				CLANG_WARN_COMMA = YES;
				CLANG_WARN_CONSTANT_CONVERSION = YES;
				CLANG_WARN_DEPRECATED_OBJC_IMPLEMENTATIONS = YES;
				CLANG_WARN_DIRECT_OBJC_ISA_USAGE = YES_ERROR;
				CLANG_WARN_DOCUMENTATION_COMMENTS = YES;
				CLANG_WARN_EMPTY_BODY = YES;
				CLANG_WARN_ENUM_CONVERSION = YES;
				CLANG_WARN_INFINITE_RECURSION = YES;
				CLANG_WARN_INT_CONVERSION = YES;
				CLANG_WARN_NON_LITERAL_NULL_CONVERSION = YES;
				CLANG_WARN_OBJC_IMPLICIT_RETAIN_SELF = YES;
				CLANG_WARN_OBJC_LITERAL_CONVERSION = YES;
				CLANG_WARN_OBJC_ROOT_CLASS = YES_ERROR;
				CLANG_WARN_QUOTED_INCLUDE_IN_FRAMEWORK_HEADER = YES;
				CLANG_WARN_RANGE_LOOP_ANALYSIS = YES;
				CLANG_WARN_STRICT_PROTOTYPES = YES;
				CLANG_WARN_SUSPICIOUS_MOVE = YES;
				CLANG_WARN_UNGUARDED_AVAILABILITY = YES_AGGRESSIVE;
				CLANG_WARN_UNREACHABLE_CODE = YES;
				CLANG_WARN__DUPLICATE_METHOD_MATCH = YES;
				COPY_PHASE_STRIP = NO;
				DEBUG_INFORMATION_FORMAT = "dwarf-with-dsym";
				ENABLE_NS_ASSERTIONS = NO;
				ENABLE_STRICT_OBJC_MSGSEND = YES;
				ENABLE_USER_SCRIPT_SANDBOXING = YES;
				GCC_C_LANGUAGE_STANDARD = gnu17;
				GCC_NO_COMMON_BLOCKS = YES;
				GCC_WARN_64_TO_32_BIT_CONVERSION = YES;
				GCC_WARN_ABOUT_RETURN_TYPE = YES_ERROR;
				GCC_WARN_UNDECLARED_SELECTOR = YES;
				GCC_WARN_UNINITIALIZED_AUTOS = YES_AGGRESSIVE;
				GCC_WARN_UNUSED_FUNCTION = YES;
				GCC_WARN_UNUSED_VARIABLE = YES;
				IPHONEOS_DEPLOYMENT_TARGET = 26.5;
				LOCALIZATION_PREFERS_STRING_CATALOGS = YES;
				MTL_ENABLE_DEBUG_INFO = NO;
				MTL_FAST_MATH = YES;
				SDKROOT = iphoneos;
				SWIFT_COMPILATION_MODE = wholemodule;
				VALIDATE_PRODUCT = YES;
			};
			name = Release;
		};
		5E934320306DDB6B00CC9DC9 /* Debug */ = {
			isa = XCBuildConfiguration;
			buildSettings = {
				ASSETCATALOG_COMPILER_APPICON_NAME = AppIcon;
				ASSETCATALOG_COMPILER_GLOBAL_ACCENT_COLOR_NAME = AccentColor;
				CODE_SIGN_ENTITLEMENTS = HerLift/HerLift.entitlements;
				CODE_SIGN_STYLE = Automatic;
				CURRENT_PROJECT_VERSION = 1;
				DEVELOPMENT_TEAM = DTG5F6L6XZ;
				ENABLE_PREVIEWS = YES;
				GENERATE_INFOPLIST_FILE = YES;
				INFOPLIST_KEY_UIApplicationSceneManifest_Generation = YES;
				INFOPLIST_KEY_UIApplicationSupportsIndirectInputEvents = YES;
				INFOPLIST_KEY_UILaunchScreen_Generation = YES;
				INFOPLIST_KEY_UISupportedInterfaceOrientations_iPad = "UIInterfaceOrientationPortrait UIInterfaceOrientationPortraitUpsideDown UIInterfaceOrientationLandscapeLeft UIInterfaceOrientationLandscapeRight";
				INFOPLIST_KEY_UISupportedInterfaceOrientations_iPhone = "UIInterfaceOrientationPortrait UIInterfaceOrientationLandscapeLeft UIInterfaceOrientationLandscapeRight";
				LD_RUNPATH_SEARCH_PATHS = (
					"$(inherited)",
					"@executable_path/Frameworks",
				);
				MARKETING_VERSION = 1.0;
				PRODUCT_BUNDLE_IDENTIFIER = com.van.assignment3.HerLift;
				PRODUCT_NAME = "$(TARGET_NAME)";
				STRING_CATALOG_GENERATE_SYMBOLS = YES;
				SWIFT_APPROACHABLE_CONCURRENCY = YES;
				SWIFT_DEFAULT_ACTOR_ISOLATION = MainActor;
				SWIFT_EMIT_LOC_STRINGS = YES;
				SWIFT_UPCOMING_FEATURE_MEMBER_IMPORT_VISIBILITY = YES;
				SWIFT_VERSION = 5.0;
				TARGETED_DEVICE_FAMILY = "1,2";
			};
			name = Debug;
		};
		5E934321306DDB6B00CC9DC9 /* Release */ = {
			isa = XCBuildConfiguration;
			buildSettings = {
				ASSETCATALOG_COMPILER_APPICON_NAME = AppIcon;
				ASSETCATALOG_COMPILER_GLOBAL_ACCENT_COLOR_NAME = AccentColor;
				CODE_SIGN_ENTITLEMENTS = HerLift/HerLift.entitlements;
				CODE_SIGN_STYLE = Automatic;
				CURRENT_PROJECT_VERSION = 1;
				DEVELOPMENT_TEAM = DTG5F6L6XZ;
				ENABLE_PREVIEWS = YES;
				GENERATE_INFOPLIST_FILE = YES;
				INFOPLIST_KEY_UIApplicationSceneManifest_Generation = YES;
				INFOPLIST_KEY_UIApplicationSupportsIndirectInputEvents = YES;
				INFOPLIST_KEY_UILaunchScreen_Generation = YES;
				INFOPLIST_KEY_UISupportedInterfaceOrientations_iPad = "UIInterfaceOrientationPortrait UIInterfaceOrientationPortraitUpsideDown UIInterfaceOrientationLandscapeLeft UIInterfaceOrientationLandscapeRight";
				INFOPLIST_KEY_UISupportedInterfaceOrientations_iPhone = "UIInterfaceOrientationPortrait UIInterfaceOrientationLandscapeLeft UIInterfaceOrientationLandscapeRight";
				LD_RUNPATH_SEARCH_PATHS = (
					"$(inherited)",
					"@executable_path/Frameworks",
				);
				MARKETING_VERSION = 1.0;
				PRODUCT_BUNDLE_IDENTIFIER = com.van.assignment3.HerLift;
				PRODUCT_NAME = "$(TARGET_NAME)";
				STRING_CATALOG_GENERATE_SYMBOLS = YES;
				SWIFT_APPROACHABLE_CONCURRENCY = YES;
				SWIFT_DEFAULT_ACTOR_ISOLATION = MainActor;
				SWIFT_EMIT_LOC_STRINGS = YES;
				SWIFT_UPCOMING_FEATURE_MEMBER_IMPORT_VISIBILITY = YES;
				SWIFT_VERSION = 5.0;
				TARGETED_DEVICE_FAMILY = "1,2";
			};
			name = Release;
		};
		5E934323306DDB6B00CC9DC9 /* Debug */ = {
			isa = XCBuildConfiguration;
			buildSettings = {
				BUNDLE_LOADER = "$(TEST_HOST)";
				CODE_SIGN_STYLE = Automatic;
				CURRENT_PROJECT_VERSION = 1;
				GENERATE_INFOPLIST_FILE = YES;
				IPHONEOS_DEPLOYMENT_TARGET = 26.5;
				MARKETING_VERSION = 1.0;
				PRODUCT_BUNDLE_IDENTIFIER = com.van.assignment3.HerLiftTests;
				PRODUCT_NAME = "$(TARGET_NAME)";
				STRING_CATALOG_GENERATE_SYMBOLS = NO;
				SWIFT_APPROACHABLE_CONCURRENCY = YES;
				SWIFT_EMIT_LOC_STRINGS = NO;
				SWIFT_UPCOMING_FEATURE_MEMBER_IMPORT_VISIBILITY = YES;
				SWIFT_VERSION = 5.0;
				TARGETED_DEVICE_FAMILY = "1,2";
				TEST_HOST = "$(BUILT_PRODUCTS_DIR)/HerLift.app/$(BUNDLE_EXECUTABLE_FOLDER_PATH)/HerLift";
			};
			name = Debug;
		};
		5E934324306DDB6B00CC9DC9 /* Release */ = {
			isa = XCBuildConfiguration;
			buildSettings = {
				BUNDLE_LOADER = "$(TEST_HOST)";
				CODE_SIGN_STYLE = Automatic;
				CURRENT_PROJECT_VERSION = 1;
				GENERATE_INFOPLIST_FILE = YES;
				IPHONEOS_DEPLOYMENT_TARGET = 26.5;
				MARKETING_VERSION = 1.0;
				PRODUCT_BUNDLE_IDENTIFIER = com.van.assignment3.HerLiftTests;
				PRODUCT_NAME = "$(TARGET_NAME)";
				STRING_CATALOG_GENERATE_SYMBOLS = NO;
				SWIFT_APPROACHABLE_CONCURRENCY = YES;
				SWIFT_EMIT_LOC_STRINGS = NO;
				SWIFT_UPCOMING_FEATURE_MEMBER_IMPORT_VISIBILITY = YES;
				SWIFT_VERSION = 5.0;
				TARGETED_DEVICE_FAMILY = "1,2";
				TEST_HOST = "$(BUILT_PRODUCTS_DIR)/HerLift.app/$(BUNDLE_EXECUTABLE_FOLDER_PATH)/HerLift";
			};
			name = Release;
		};
/* End XCBuildConfiguration section */

/* Begin XCConfigurationList section */
		5E3B566630701B2500DDADDB /* Build configuration list for PBXNativeTarget "HerLiftWidgetExtension" */ = {
			isa = XCConfigurationList;
			buildConfigurations = (
				5E3B566730701B2500DDADDB /* Debug */,
				5E3B566830701B2500DDADDB /* Release */,
			);
			defaultConfigurationIsVisible = 0;
			defaultConfigurationName = Release;
		};
		5E3B5A23307102AE00DDADDB /* Build configuration list for PBXNativeTarget "HerLiftReminderContent" */ = {
			isa = XCConfigurationList;
			buildConfigurations = (
				5E3B5A24307102AE00DDADDB /* Debug */,
				5E3B5A25307102AE00DDADDB /* Release */,
			);
			defaultConfigurationIsVisible = 0;
			defaultConfigurationName = Release;
		};
		5E9342F7306DDB6900CC9DC9 /* Build configuration list for PBXProject "HerLift" */ = {
			isa = XCConfigurationList;
			buildConfigurations = (
				5E93431D306DDB6B00CC9DC9 /* Debug */,
				5E93431E306DDB6B00CC9DC9 /* Release */,
			);
			defaultConfigurationIsVisible = 0;
			defaultConfigurationName = Release;
		};
		5E93431F306DDB6B00CC9DC9 /* Build configuration list for PBXNativeTarget "HerLift" */ = {
			isa = XCConfigurationList;
			buildConfigurations = (
				5E934320306DDB6B00CC9DC9 /* Debug */,
				5E934321306DDB6B00CC9DC9 /* Release */,
			);
			defaultConfigurationIsVisible = 0;
			defaultConfigurationName = Release;
		};
		5E934322306DDB6B00CC9DC9 /* Build configuration list for PBXNativeTarget "HerLiftTests" */ = {
			isa = XCConfigurationList;
			buildConfigurations = (
				5E934323306DDB6B00CC9DC9 /* Debug */,
				5E934324306DDB6B00CC9DC9 /* Release */,
			);
			defaultConfigurationIsVisible = 0;
			defaultConfigurationName = Release;
		};
/* End XCConfigurationList section */
	};
	rootObject = 5E9342F4306DDB6900CC9DC9 /* Project object */;
}
